<?xml version="1.0" encoding="UTF-8"?>
<CodeBlocks_project_file>
	<FileVersion major="1" minor="6"/>
	<Project>
		<Option title="ogdf-user-example"/>
		<Option makefile_is_custom="1"/>
		<Option compiler="gcc"/>
		<Option virtualFolders="CMake Files\;CMake Files\build\;"/>
		<Build>
			<Target title="all">
				<Option working_dir="/media/patrik/D/FIT/gal/GAL"/>
				<Option type="4"/>
				<MakeCommands>
					<Build command="/usr/bin/make -f &quot;/media/patrik/D/FIT/gal/GAL/Makefile&quot;  VERBOSE=1 all"/>
					<CompileFile command="/usr/bin/make -f &quot;/media/patrik/D/FIT/gal/GAL/Makefile&quot;  VERBOSE=1 &quot;$file&quot;"/>
					<Clean command="/usr/bin/make -f &quot;/media/patrik/D/FIT/gal/GAL/Makefile&quot;  VERBOSE=1 clean"/>
					<DistClean command="/usr/bin/make -f &quot;/media/patrik/D/FIT/gal/GAL/Makefile&quot;  VERBOSE=1 clean"/>
				</MakeCommands>
			</Target>
			<Target title="rebuild_cache">
				<Option working_dir="/media/patrik/D/FIT/gal/GAL"/>
				<Option type="4"/>
				<MakeCommands>
					<Build command="/usr/bin/make -f &quot;/media/patrik/D/FIT/gal/GAL/Makefile&quot;  VERBOSE=1 rebuild_cache"/>
					<CompileFile command="/usr/bin/make -f &quot;/media/patrik/D/FIT/gal/GAL/Makefile&quot;  VERBOSE=1 &quot;$file&quot;"/>
					<Clean command="/usr/bin/make -f &quot;/media/patrik/D/FIT/gal/GAL/Makefile&quot;  VERBOSE=1 clean"/>
					<DistClean command="/usr/bin/make -f &quot;/media/patrik/D/FIT/gal/GAL/Makefile&quot;  VERBOSE=1 clean"/>
				</MakeCommands>
			</Target>
			<Target title="main">
				<Option output="/media/patrik/D/FIT/gal/GAL/main" prefix_auto="0" extension_auto="0"/>
				<Option working_dir="/media/patrik/D/FIT/gal/GAL"/>
				<Option object_output="./"/>
				<Option type="1"/>
				<Option compiler="gcc"/>
				<Compiler>
					<Add directory="/media/patrik/D/FIT/gal/GAL/./include"/>
					<Add directory="/media/patrik/D/FIT/gal/GAL/./src"/>
					<Add directory="/media/patrik/D/FIT/gal/GAL/build/include"/>
					<Add directory="/media/patrik/D/FIT/gal/GAL/ogdf/include"/>
					<Add directory="/media/patrik/D/FIT/gal/GAL/ogdf/include/coin"/>
				</Compiler>
				<MakeCommands>
					<Build command="/usr/bin/make -f &quot;/media/patrik/D/FIT/gal/GAL/Makefile&quot;  VERBOSE=1 main"/>
					<CompileFile command="/usr/bin/make -f &quot;/media/patrik/D/FIT/gal/GAL/Makefile&quot;  VERBOSE=1 &quot;$file&quot;"/>
					<Clean command="/usr/bin/make -f &quot;/media/patrik/D/FIT/gal/GAL/Makefile&quot;  VERBOSE=1 clean"/>
					<DistClean command="/usr/bin/make -f &quot;/media/patrik/D/FIT/gal/GAL/Makefile&quot;  VERBOSE=1 clean"/>
				</MakeCommands>
			</Target>
			<Target title="main/fast">
				<Option output="/media/patrik/D/FIT/gal/GAL/main" prefix_auto="0" extension_auto="0"/>
				<Option working_dir="/media/patrik/D/FIT/gal/GAL"/>
				<Option object_output="./"/>
				<Option type="1"/>
				<Option compiler="gcc"/>
				<Compiler>
					<Add directory="/media/patrik/D/FIT/gal/GAL/./include"/>
					<Add directory="/media/patrik/D/FIT/gal/GAL/./src"/>
					<Add directory="/media/patrik/D/FIT/gal/GAL/build/include"/>
					<Add directory="/media/patrik/D/FIT/gal/GAL/ogdf/include"/>
					<Add directory="/media/patrik/D/FIT/gal/GAL/ogdf/include/coin"/>
				</Compiler>
				<MakeCommands>
					<Build command="/usr/bin/make -f &quot;/media/patrik/D/FIT/gal/GAL/Makefile&quot;  VERBOSE=1 main/fast"/>
					<CompileFile command="/usr/bin/make -f &quot;/media/patrik/D/FIT/gal/GAL/Makefile&quot;  VERBOSE=1 &quot;$file&quot;"/>
					<Clean command="/usr/bin/make -f &quot;/media/patrik/D/FIT/gal/GAL/Makefile&quot;  VERBOSE=1 clean"/>
					<DistClean command="/usr/bin/make -f &quot;/media/patrik/D/FIT/gal/GAL/Makefile&quot;  VERBOSE=1 clean"/>
				</MakeCommands>
			</Target>
			<Target title="edit_cache">
				<Option working_dir="/media/patrik/D/FIT/gal/GAL"/>
				<Option type="4"/>
				<MakeCommands>
					<Build command="/usr/bin/make -f &quot;/media/patrik/D/FIT/gal/GAL/Makefile&quot;  VERBOSE=1 edit_cache"/>
					<CompileFile command="/usr/bin/make -f &quot;/media/patrik/D/FIT/gal/GAL/Makefile&quot;  VERBOSE=1 &quot;$file&quot;"/>
					<Clean command="/usr/bin/make -f &quot;/media/patrik/D/FIT/gal/GAL/Makefile&quot;  VERBOSE=1 clean"/>
					<DistClean command="/usr/bin/make -f &quot;/media/patrik/D/FIT/gal/GAL/Makefile&quot;  VERBOSE=1 clean"/>
				</MakeCommands>
			</Target>
		</Build>
		<Unit filename="/media/patrik/D/FIT/gal/GAL/TSP_ExactAlgorithm.cpp">
			<Option target="main"/>
		</Unit>
		<Unit filename="/media/patrik/D/FIT/gal/GAL/TSP_ExactAlgorithm.h">
			<Option target="main"/>
		</Unit>
		<Unit filename="/media/patrik/D/FIT/gal/GAL/include/GraphGenerator.h">
			<Option target="main"/>
		</Unit>
		<Unit filename="/media/patrik/D/FIT/gal/GAL/include/TSP_DoubleTree.h">
			<Option target="main"/>
		</Unit>
		<Unit filename="/media/patrik/D/FIT/gal/GAL/include/TSP_k-OPT.h">
			<Option target="main"/>
		</Unit>
		<Unit filename="/media/patrik/D/FIT/gal/GAL/main.cpp">
			<Option target="main"/>
		</Unit>
		<Unit filename="/media/patrik/D/FIT/gal/GAL/src/GraphGenerator.cpp">
			<Option target="main"/>
		</Unit>
		<Unit filename="/media/patrik/D/FIT/gal/GAL/src/TSP_DoubleTree.cpp">
			<Option target="main"/>
		</Unit>
		<Unit filename="/media/patrik/D/FIT/gal/GAL/src/TSP_k-OPT.cpp">
			<Option target="main"/>
		</Unit>
		<Unit filename="/media/patrik/D/FIT/gal/GAL/CMakeLists.txt">
			<Option virtualFolder="CMake Files\"/>
		</Unit>
		<Unit filename="/media/patrik/D/FIT/gal/GAL/build/CoinTargets.cmake">
			<Option virtualFolder="CMake Files\build\"/>
		</Unit>
		<Unit filename="/media/patrik/D/FIT/gal/GAL/build/OgdfTargets.cmake">
			<Option virtualFolder="CMake Files\build\"/>
		</Unit>
		<Unit filename="/media/patrik/D/FIT/gal/GAL/build/ogdf-config.cmake">
			<Option virtualFolder="CMake Files\build\"/>
		</Unit>
	</Project>
</CodeBlocks_project_file>
